
Microsoft Visual Studio Solution File, Format Version 12.00
# Visual Studio Version 17
VisualStudioVersion = 17.9.34701.34
MinimumVisualStudioVersion = 10.0.40219.1
Project("{FAE04EC0-301F-11D3-BF4B-00C04F79EFBC}") = "sql_connect_database", "sql_connect_database\sql_connect_database.csproj", "{FFEA1232-DB1C-452B-A865-DBF9B6DD4035}"
EndProject
Global
	GlobalSection(SolutionConfigurationPlatforms) = preSolution
		Debug|Any CPU = Debug|Any CPU
		Release|Any CPU = Release|Any CPU
	EndGlobalSection
	GlobalSection(ProjectConfigurationPlatforms) = postSolution
		{FFEA1232-DB1C-452B-A865-DBF9B6DD4035}.Debug|Any CPU.ActiveCfg = Debug|Any CPU
		{FFEA1232-DB1C-452B-A865-DBF9B6DD4035}.Debug|Any CPU.Build.0 = Debug|Any CPU
		{FFEA1232-DB1C-452B-A865-DBF9B6DD4035}.Release|Any CPU.ActiveCfg = Release|Any CPU
		{FFEA1232-DB1C-452B-A865-DBF9B6DD4035}.Release|Any CPU.Build.0 = Release|Any CPU
	EndGlobalSection
	GlobalSection(SolutionProperties) = preSolution
		HideSolutionNode = FALSE
	EndGlobalSection
	GlobalSection(ExtensibilityGlobals) = postSolution
		SolutionGuid = {48BF9659-5BBA-42C9-B85C-14F1F94E231B}
	EndGlobalSection
EndGlobal
